
Microsoft Visual Studio Solution File, Format Version 12.00
# Visual Studio Version 17
VisualStudioVersion = 17.12.35506.116
MinimumVisualStudioVersion = 10.0.40219.1
Project("{FAE04EC0-301F-11D3-BF4B-00C04F79EFBC}") = "Library.Domain", "Library.Domain\Library.Domain.csproj", "{D8B4B90A-952D-48D9-814F-0CADFA4E3B24}"
EndProject
Project("{FAE04EC0-301F-11D3-BF4B-00C04F79EFBC}") = "Library.Application", "Library.Application\Library.Application.csproj", "{0F8B163C-6024-4844-986A-2CDE359B432B}"
	ProjectSection(ProjectDependencies) = postProject
		{D8B4B90A-952D-48D9-814F-0CADFA4E3B24} = {D8B4B90A-952D-48D9-814F-0CADFA4E3B24}
	EndProjectSection
EndProject
Project("{FAE04EC0-301F-11D3-BF4B-00C04F79EFBC}") = "Library.Persistance", "Library.Persistance\Library.Persistance.csproj", "{D6303193-C286-4D40-89AD-34289F1370BA}"
EndProject
Project("{2150E333-8FDC-42A3-9474-1A3956D46DE8}") = "src", "src", "{507AFDF2-7F23-4FCE-B41B-E766C1DBBC6B}"
EndProject
Project("{FAE04EC0-301F-11D3-BF4B-00C04F79EFBC}") = "Library.Presentation", "Library.Presentation\Library.Presentation.csproj", "{EA92D89C-3AE9-43D0-BB31-D98CA82ED3D1}"
EndProject
Project("{2150E333-8FDC-42A3-9474-1A3956D46DE8}") = "tests", "tests", "{BDC55948-B225-4E6A-BF75-D9B5E7876D16}"
EndProject
Project("{FAE04EC0-301F-11D3-BF4B-00C04F79EFBC}") = "Library.ApplicationTests", "Library.ApplicationTests\Library.ApplicationTests.csproj", "{3CD59A80-D42C-48C9-B7BF-F4B36B37669A}"
EndProject
Project("{FAE04EC0-301F-11D3-BF4B-00C04F79EFBC}") = "Library.PersistanceTests", "Library.PersistanceTests\Library.PersistanceTests.csproj", "{2A3F67D9-0910-491B-9618-F457B83EC734}"
EndProject
Project("{FAE04EC0-301F-11D3-BF4B-00C04F79EFBC}") = "Library.Infrastructure", "Library.Infrastructure\Library.Infrastructure.csproj", "{27D77B0F-BD01-447C-A04F-C3A884526EB9}"
EndProject
Global
	GlobalSection(SolutionConfigurationPlatforms) = preSolution
		Debug|Any CPU = Debug|Any CPU
		Release|Any CPU = Release|Any CPU
	EndGlobalSection
	GlobalSection(ProjectConfigurationPlatforms) = postSolution
		{D8B4B90A-952D-48D9-814F-0CADFA4E3B24}.Debug|Any CPU.ActiveCfg = Debug|Any CPU
		{D8B4B90A-952D-48D9-814F-0CADFA4E3B24}.Debug|Any CPU.Build.0 = Debug|Any CPU
		{D8B4B90A-952D-48D9-814F-0CADFA4E3B24}.Release|Any CPU.ActiveCfg = Release|Any CPU
		{D8B4B90A-952D-48D9-814F-0CADFA4E3B24}.Release|Any CPU.Build.0 = Release|Any CPU
		{0F8B163C-6024-4844-986A-2CDE359B432B}.Debug|Any CPU.ActiveCfg = Debug|Any CPU
		{0F8B163C-6024-4844-986A-2CDE359B432B}.Debug|Any CPU.Build.0 = Debug|Any CPU
		{0F8B163C-6024-4844-986A-2CDE359B432B}.Release|Any CPU.ActiveCfg = Release|Any CPU
		{0F8B163C-6024-4844-986A-2CDE359B432B}.Release|Any CPU.Build.0 = Release|Any CPU
		{D6303193-C286-4D40-89AD-34289F1370BA}.Debug|Any CPU.ActiveCfg = Debug|Any CPU
		{D6303193-C286-4D40-89AD-34289F1370BA}.Debug|Any CPU.Build.0 = Debug|Any CPU
		{D6303193-C286-4D40-89AD-34289F1370BA}.Release|Any CPU.ActiveCfg = Release|Any CPU
		{D6303193-C286-4D40-89AD-34289F1370BA}.Release|Any CPU.Build.0 = Release|Any CPU
		{EA92D89C-3AE9-43D0-BB31-D98CA82ED3D1}.Debug|Any CPU.ActiveCfg = Debug|Any CPU
		{EA92D89C-3AE9-43D0-BB31-D98CA82ED3D1}.Debug|Any CPU.Build.0 = Debug|Any CPU
		{EA92D89C-3AE9-43D0-BB31-D98CA82ED3D1}.Release|Any CPU.ActiveCfg = Release|Any CPU
		{EA92D89C-3AE9-43D0-BB31-D98CA82ED3D1}.Release|Any CPU.Build.0 = Release|Any CPU
		{3CD59A80-D42C-48C9-B7BF-F4B36B37669A}.Debug|Any CPU.ActiveCfg = Debug|Any CPU
		{3CD59A80-D42C-48C9-B7BF-F4B36B37669A}.Debug|Any CPU.Build.0 = Debug|Any CPU
		{3CD59A80-D42C-48C9-B7BF-F4B36B37669A}.Release|Any CPU.ActiveCfg = Release|Any CPU
		{3CD59A80-D42C-48C9-B7BF-F4B36B37669A}.Release|Any CPU.Build.0 = Release|Any CPU
		{2A3F67D9-0910-491B-9618-F457B83EC734}.Debug|Any CPU.ActiveCfg = Debug|Any CPU
		{2A3F67D9-0910-491B-9618-F457B83EC734}.Debug|Any CPU.Build.0 = Debug|Any CPU
		{2A3F67D9-0910-491B-9618-F457B83EC734}.Release|Any CPU.ActiveCfg = Release|Any CPU
		{2A3F67D9-0910-491B-9618-F457B83EC734}.Release|Any CPU.Build.0 = Release|Any CPU
		{27D77B0F-BD01-447C-A04F-C3A884526EB9}.Debug|Any CPU.ActiveCfg = Debug|Any CPU
		{27D77B0F-BD01-447C-A04F-C3A884526EB9}.Debug|Any CPU.Build.0 = Debug|Any CPU
		{27D77B0F-BD01-447C-A04F-C3A884526EB9}.Release|Any CPU.ActiveCfg = Release|Any CPU
		{27D77B0F-BD01-447C-A04F-C3A884526EB9}.Release|Any CPU.Build.0 = Release|Any CPU
	EndGlobalSection
	GlobalSection(SolutionProperties) = preSolution
		HideSolutionNode = FALSE
	EndGlobalSection
	GlobalSection(NestedProjects) = preSolution
		{D8B4B90A-952D-48D9-814F-0CADFA4E3B24} = {507AFDF2-7F23-4FCE-B41B-E766C1DBBC6B}
		{0F8B163C-6024-4844-986A-2CDE359B432B} = {507AFDF2-7F23-4FCE-B41B-E766C1DBBC6B}
		{D6303193-C286-4D40-89AD-34289F1370BA} = {507AFDF2-7F23-4FCE-B41B-E766C1DBBC6B}
		{EA92D89C-3AE9-43D0-BB31-D98CA82ED3D1} = {507AFDF2-7F23-4FCE-B41B-E766C1DBBC6B}
		{3CD59A80-D42C-48C9-B7BF-F4B36B37669A} = {BDC55948-B225-4E6A-BF75-D9B5E7876D16}
		{2A3F67D9-0910-491B-9618-F457B83EC734} = {BDC55948-B225-4E6A-BF75-D9B5E7876D16}
		{27D77B0F-BD01-447C-A04F-C3A884526EB9} = {507AFDF2-7F23-4FCE-B41B-E766C1DBBC6B}
	EndGlobalSection
EndGlobal
